
Microsoft Visual Studio Solution File, Format Version 12.00
# Visual Studio Version 17
VisualStudioVersion = 17.0.31903.59
MinimumVisualStudioVersion = 10.0.40219.1
Project("{FAE04EC0-301F-11D3-BF4B-00C04F79EFBC}") = "api", "api.csproj", "{E3A69C86-1A36-4A19-8C3F-1C1971DD3740}"
EndProject
Project("{2150E333-8FDC-42A3-9474-1A3956D46DE8}") = "MyApi.Tests", "MyApi.Tests", "{C53E48F9-756C-411A-AEDD-D858E70B5C4F}"
EndProject
Project("{FAE04EC0-301F-11D3-BF4B-00C04F79EFBC}") = "TestProject1", "..\TestProject1\TestProject1.csproj", "{390CC5AD-3D4D-49E5-901A-AECA79BEE45F}"
EndProject
Global
	GlobalSection(SolutionConfigurationPlatforms) = preSolution
		Debug|Any CPU = Debug|Any CPU
		Release|Any CPU = Release|Any CPU
	EndGlobalSection
	GlobalSection(ProjectConfigurationPlatforms) = postSolution
		{E3A69C86-1A36-4A19-8C3F-1C1971DD3740}.Debug|Any CPU.ActiveCfg = Debug|Any CPU
		{E3A69C86-1A36-4A19-8C3F-1C1971DD3740}.Debug|Any CPU.Build.0 = Debug|Any CPU
		{E3A69C86-1A36-4A19-8C3F-1C1971DD3740}.Release|Any CPU.ActiveCfg = Release|Any CPU
		{E3A69C86-1A36-4A19-8C3F-1C1971DD3740}.Release|Any CPU.Build.0 = Release|Any CPU
		{390CC5AD-3D4D-49E5-901A-AECA79BEE45F}.Debug|Any CPU.ActiveCfg = Debug|Any CPU
		{390CC5AD-3D4D-49E5-901A-AECA79BEE45F}.Debug|Any CPU.Build.0 = Debug|Any CPU
		{390CC5AD-3D4D-49E5-901A-AECA79BEE45F}.Release|Any CPU.ActiveCfg = Release|Any CPU
		{390CC5AD-3D4D-49E5-901A-AECA79BEE45F}.Release|Any CPU.Build.0 = Release|Any CPU
	EndGlobalSection
	GlobalSection(SolutionProperties) = preSolution
		HideSolutionNode = FALSE
	EndGlobalSection
	GlobalSection(NestedProjects) = preSolution
		{390CC5AD-3D4D-49E5-901A-AECA79BEE45F} = {C53E48F9-756C-411A-AEDD-D858E70B5C4F}
	EndGlobalSection
EndGlobal
